
Microsoft Visual Studio Solution File, Format Version 12.00
Project("{FAE04EC0-301F-11D3-BF4B-00C04F79EFBC}") = "Entities", "Entities\Entities.csproj", "{63B0A129-0D2B-4925-B889-CFEFEF462987}"
EndProject
Project("{FAE04EC0-301F-11D3-BF4B-00C04F79EFBC}") = "Domain", "Domain\Domain.csproj", "{0BC7C05C-8667-4FD1-8282-DC354307EC10}"
EndProject
Project("{FAE04EC0-301F-11D3-BF4B-00C04F79EFBC}") = "DataAccess", "DataAccess\DataAccess.csproj", "{B7FDD7A4-D03A-4281-BAE1-CA517341F469}"
EndProject
Project("{FAE04EC0-301F-11D3-BF4B-00C04F79EFBC}") = "WebApplication", "WebApplication\WebApplication.csproj", "{F12D53DF-6338-4A98-8787-E724E3312970}"
EndProject
Project("{FAE04EC0-301F-11D3-BF4B-00C04F79EFBC}") = "Blazor", "Blazor\Blazor.csproj", "{5385761D-2C51-4991-B1B2-E51E32ECBB06}"
EndProject
Project("{FAE04EC0-301F-11D3-BF4B-00C04F79EFBC}") = "Blazor2", "Blazor2\Blazor2.csproj", "{1396EA87-9471-4074-9021-1CDCE82E3450}"
EndProject
Project("{FAE04EC0-301F-11D3-BF4B-00C04F79EFBC}") = "BlazorFinal", "BlazorFinal\BlazorFinal.csproj", "{7C959199-BBDD-45BA-992E-020630E9BBA1}"
EndProject
Project("{FAE04EC0-301F-11D3-BF4B-00C04F79EFBC}") = "BlazorClient", "BlazorClient\BlazorClient.csproj", "{72E9C8D2-AF23-4A2F-995B-6E11D3FB8460}"
EndProject
Global
	GlobalSection(SolutionConfigurationPlatforms) = preSolution
		Debug|Any CPU = Debug|Any CPU
		Release|Any CPU = Release|Any CPU
	EndGlobalSection
	GlobalSection(ProjectConfigurationPlatforms) = postSolution
		{63B0A129-0D2B-4925-B889-CFEFEF462987}.Debug|Any CPU.ActiveCfg = Debug|Any CPU
		{63B0A129-0D2B-4925-B889-CFEFEF462987}.Debug|Any CPU.Build.0 = Debug|Any CPU
		{63B0A129-0D2B-4925-B889-CFEFEF462987}.Release|Any CPU.ActiveCfg = Release|Any CPU
		{63B0A129-0D2B-4925-B889-CFEFEF462987}.Release|Any CPU.Build.0 = Release|Any CPU
		{0BC7C05C-8667-4FD1-8282-DC354307EC10}.Debug|Any CPU.ActiveCfg = Debug|Any CPU
		{0BC7C05C-8667-4FD1-8282-DC354307EC10}.Debug|Any CPU.Build.0 = Debug|Any CPU
		{0BC7C05C-8667-4FD1-8282-DC354307EC10}.Release|Any CPU.ActiveCfg = Release|Any CPU
		{0BC7C05C-8667-4FD1-8282-DC354307EC10}.Release|Any CPU.Build.0 = Release|Any CPU
		{B7FDD7A4-D03A-4281-BAE1-CA517341F469}.Debug|Any CPU.ActiveCfg = Debug|Any CPU
		{B7FDD7A4-D03A-4281-BAE1-CA517341F469}.Debug|Any CPU.Build.0 = Debug|Any CPU
		{B7FDD7A4-D03A-4281-BAE1-CA517341F469}.Release|Any CPU.ActiveCfg = Release|Any CPU
		{B7FDD7A4-D03A-4281-BAE1-CA517341F469}.Release|Any CPU.Build.0 = Release|Any CPU
		{F12D53DF-6338-4A98-8787-E724E3312970}.Debug|Any CPU.ActiveCfg = Debug|Any CPU
		{F12D53DF-6338-4A98-8787-E724E3312970}.Debug|Any CPU.Build.0 = Debug|Any CPU
		{F12D53DF-6338-4A98-8787-E724E3312970}.Release|Any CPU.ActiveCfg = Release|Any CPU
		{F12D53DF-6338-4A98-8787-E724E3312970}.Release|Any CPU.Build.0 = Release|Any CPU
		{5385761D-2C51-4991-B1B2-E51E32ECBB06}.Debug|Any CPU.ActiveCfg = Debug|Any CPU
		{5385761D-2C51-4991-B1B2-E51E32ECBB06}.Debug|Any CPU.Build.0 = Debug|Any CPU
		{5385761D-2C51-4991-B1B2-E51E32ECBB06}.Release|Any CPU.ActiveCfg = Release|Any CPU
		{5385761D-2C51-4991-B1B2-E51E32ECBB06}.Release|Any CPU.Build.0 = Release|Any CPU
		{1396EA87-9471-4074-9021-1CDCE82E3450}.Debug|Any CPU.ActiveCfg = Debug|Any CPU
		{1396EA87-9471-4074-9021-1CDCE82E3450}.Debug|Any CPU.Build.0 = Debug|Any CPU
		{1396EA87-9471-4074-9021-1CDCE82E3450}.Release|Any CPU.ActiveCfg = Release|Any CPU
		{1396EA87-9471-4074-9021-1CDCE82E3450}.Release|Any CPU.Build.0 = Release|Any CPU
		{7C959199-BBDD-45BA-992E-020630E9BBA1}.Debug|Any CPU.ActiveCfg = Debug|Any CPU
		{7C959199-BBDD-45BA-992E-020630E9BBA1}.Debug|Any CPU.Build.0 = Debug|Any CPU
		{7C959199-BBDD-45BA-992E-020630E9BBA1}.Release|Any CPU.ActiveCfg = Release|Any CPU
		{7C959199-BBDD-45BA-992E-020630E9BBA1}.Release|Any CPU.Build.0 = Release|Any CPU
		{72E9C8D2-AF23-4A2F-995B-6E11D3FB8460}.Debug|Any CPU.ActiveCfg = Debug|Any CPU
		{72E9C8D2-AF23-4A2F-995B-6E11D3FB8460}.Debug|Any CPU.Build.0 = Debug|Any CPU
		{72E9C8D2-AF23-4A2F-995B-6E11D3FB8460}.Release|Any CPU.ActiveCfg = Release|Any CPU
		{72E9C8D2-AF23-4A2F-995B-6E11D3FB8460}.Release|Any CPU.Build.0 = Release|Any CPU
	EndGlobalSection
EndGlobal
